
Microsoft Visual Studio Solution File, Format Version 12.00
# Visual Studio Version 17
VisualStudioVersion = 17.3.32819.101
MinimumVisualStudioVersion = 10.0.40219.1
Project("{FAE04EC0-301F-11D3-BF4B-00C04F79EFBC}") = "Bolzano", "Bolzano\Bolzano.csproj", "{7B4C39B6-B381-4BFC-8530-CE58211F750F}"
EndProject
Global
	GlobalSection(SolutionConfigurationPlatforms) = preSolution
		Debug|Any CPU = Debug|Any CPU
		Release|Any CPU = Release|Any CPU
	EndGlobalSection
	GlobalSection(ProjectConfigurationPlatforms) = postSolution
		{7B4C39B6-B381-4BFC-8530-CE58211F750F}.Debug|Any CPU.ActiveCfg = Debug|Any CPU
		{7B4C39B6-B381-4BFC-8530-CE58211F750F}.Debug|Any CPU.Build.0 = Debug|Any CPU
		{7B4C39B6-B381-4BFC-8530-CE58211F750F}.Release|Any CPU.ActiveCfg = Release|Any CPU
		{7B4C39B6-B381-4BFC-8530-CE58211F750F}.Release|Any CPU.Build.0 = Release|Any CPU
	EndGlobalSection
	GlobalSection(SolutionProperties) = preSolution
		HideSolutionNode = FALSE
	EndGlobalSection
	GlobalSection(ExtensibilityGlobals) = postSolution
		SolutionGuid = {C7615A5A-78D4-4F4C-BC54-B05DE809BD8E}
	EndGlobalSection
EndGlobal
